{
  "pins" : [
    {
      "identity" : "lottie-ios",
      "kind" : "remoteSourceControl",
      "location" : "https://github.com/airbnb/lottie-ios.git",
      "state" : {
        "branch" : "master",
        "revision" : "b4f9b2ea44fcc47628a27c1fb876314608f1736b"
      }
    },
    {
      "identity" : "lottieui",
      "kind" : "remoteSourceControl",
      "location" : "https://github.com/jasudev/LottieUI.git",
      "state" : {
        "branch" : "main",
        "revision" : "9405f420ffbf2ddc01d52d8a60a5a11442195d4e"
      }
    }
  ],
  "version" : 2
}
